
Microsoft Visual Studio Solution File, Format Version 12.00
# Visual Studio Version 16
VisualStudioVersion = 16.0.30717.126
MinimumVisualStudioVersion = 10.0.40219.1
Project("{FAE04EC0-301F-11D3-BF4B-00C04F79EFBC}") = "BancoBari", "BancoBari\BancoBari.csproj", "{CAE6FFF7-7C19-4DA4-AA0E-575163F78608}"
EndProject
Global
	GlobalSection(SolutionConfigurationPlatforms) = preSolution
		Debug|Any CPU = Debug|Any CPU
		Release|Any CPU = Release|Any CPU
	EndGlobalSection
	GlobalSection(ProjectConfigurationPlatforms) = postSolution
		{CAE6FFF7-7C19-4DA4-AA0E-575163F78608}.Debug|Any CPU.ActiveCfg = Debug|Any CPU
		{CAE6FFF7-7C19-4DA4-AA0E-575163F78608}.Debug|Any CPU.Build.0 = Debug|Any CPU
		{CAE6FFF7-7C19-4DA4-AA0E-575163F78608}.Release|Any CPU.ActiveCfg = Release|Any CPU
		{CAE6FFF7-7C19-4DA4-AA0E-575163F78608}.Release|Any CPU.Build.0 = Release|Any CPU
	EndGlobalSection
	GlobalSection(SolutionProperties) = preSolution
		HideSolutionNode = FALSE
	EndGlobalSection
	GlobalSection(ExtensibilityGlobals) = postSolution
		SolutionGuid = {EABACBD3-EF2F-40ED-A07D-723146D78CC5}
	EndGlobalSection
EndGlobal
